// !$*UTF8*$!
{
	archiveVersion = 1;
	classes = {
	};
	objectVersion = 55;
	objects = {

/* Begin PBXBuildFile section */
		DB14BB1628F59D6900AAB5C3 /* AddViewController.swift in Sources */ = {isa = PBXBuildFile; fileRef = DB14BB1528F59D6900AAB5C3 /* AddViewController.swift */; };
		DB14BB1C28F6B4C900AAB5C3 /* Alert.swift in Sources */ = {isa = PBXBuildFile; fileRef = DB14BB1B28F6B4C900AAB5C3 /* Alert.swift */; };
		DB14BB1E28F6C16A00AAB5C3 /* CellDetailViewController.swift in Sources */ = {isa = PBXBuildFile; fileRef = DB14BB1D28F6C16A00AAB5C3 /* CellDetailViewController.swift */; };
		DB14BB2028F70DCC00AAB5C3 /* DateCell.swift in Sources */ = {isa = PBXBuildFile; fileRef = DB14BB1F28F70DCC00AAB5C3 /* DateCell.swift */; };
		DB14BB2228F710FE00AAB5C3 /* MemoCell.swift in Sources */ = {isa = PBXBuildFile; fileRef = DB14BB2128F710FE00AAB5C3 /* MemoCell.swift */; };
		DB5D292028FBDE7400499D5F /* CoreDataManager.swift in Sources */ = {isa = PBXBuildFile; fileRef = DB5D291F28FBDE7400499D5F /* CoreDataManager.swift */; };
		DB5D292328FBE13A00499D5F /* MemoData+CoreDataClass.swift in Sources */ = {isa = PBXBuildFile; fileRef = DB5D292128FBE13A00499D5F /* MemoData+CoreDataClass.swift */; };
		DB5D292428FBE13A00499D5F /* MemoData+CoreDataProperties.swift in Sources */ = {isa = PBXBuildFile; fileRef = DB5D292228FBE13A00499D5F /* MemoData+CoreDataProperties.swift */; };
		DBF8537A28ED75DB001AECBE /* AppDelegate.swift in Sources */ = {isa = PBXBuildFile; fileRef = DBF8537928ED75DB001AECBE /* AppDelegate.swift */; };
		DBF8537C28ED75DB001AECBE /* SceneDelegate.swift in Sources */ = {isa = PBXBuildFile; fileRef = DBF8537B28ED75DB001AECBE /* SceneDelegate.swift */; };
		DBF8538128ED75DB001AECBE /* Main.storyboard in Resources */ = {isa = PBXBuildFile; fileRef = DBF8537F28ED75DB001AECBE /* Main.storyboard */; };
		DBF8538428ED75DB001AECBE /* Clone_Memo_2.xcdatamodeld in Sources */ = {isa = PBXBuildFile; fileRef = DBF8538228ED75DB001AECBE /* Clone_Memo_2.xcdatamodeld */; };
		DBF8538628ED75DC001AECBE /* Assets.xcassets in Resources */ = {isa = PBXBuildFile; fileRef = DBF8538528ED75DC001AECBE /* Assets.xcassets */; };
		DBF8538928ED75DC001AECBE /* LaunchScreen.storyboard in Resources */ = {isa = PBXBuildFile; fileRef = DBF8538728ED75DC001AECBE /* LaunchScreen.storyboard */; };
		DBF8539828ED78AB001AECBE /* ViewController.swift in Sources */ = {isa = PBXBuildFile; fileRef = DBF8539728ED78AB001AECBE /* ViewController.swift */; };
		DBF8539C28ED7D8A001AECBE /* PracticeTableViewCell.swift in Sources */ = {isa = PBXBuildFile; fileRef = DBF8539B28ED7D8A001AECBE /* PracticeTableViewCell.swift */; };
/* End PBXBuildFile section */

/* Begin PBXFileReference section */
		DB14BB1528F59D6900AAB5C3 /* AddViewController.swift */ = {isa = PBXFileReference; lastKnownFileType = sourcecode.swift; path = AddViewController.swift; sourceTree = "<group>"; };
		DB14BB1B28F6B4C900AAB5C3 /* Alert.swift */ = {isa = PBXFileReference; lastKnownFileType = sourcecode.swift; path = Alert.swift; sourceTree = "<group>"; };
		DB14BB1D28F6C16A00AAB5C3 /* CellDetailViewController.swift */ = {isa = PBXFileReference; lastKnownFileType = sourcecode.swift; path = CellDetailViewController.swift; sourceTree = "<group>"; };
		DB14BB1F28F70DCC00AAB5C3 /* DateCell.swift */ = {isa = PBXFileReference; lastKnownFileType = sourcecode.swift; path = DateCell.swift; sourceTree = "<group>"; };
		DB14BB2128F710FE00AAB5C3 /* MemoCell.swift */ = {isa = PBXFileReference; lastKnownFileType = sourcecode.swift; path = MemoCell.swift; sourceTree = "<group>"; };
		DB5D291F28FBDE7400499D5F /* CoreDataManager.swift */ = {isa = PBXFileReference; lastKnownFileType = sourcecode.swift; path = CoreDataManager.swift; sourceTree = "<group>"; };
		DB5D292128FBE13A00499D5F /* MemoData+CoreDataClass.swift */ = {isa = PBXFileReference; lastKnownFileType = sourcecode.swift; path = "MemoData+CoreDataClass.swift"; sourceTree = "<group>"; };
		DB5D292228FBE13A00499D5F /* MemoData+CoreDataProperties.swift */ = {isa = PBXFileReference; lastKnownFileType = sourcecode.swift; path = "MemoData+CoreDataProperties.swift"; sourceTree = "<group>"; };
		DBF8537628ED75DB001AECBE /* Clone_Memo_2.app */ = {isa = PBXFileReference; explicitFileType = wrapper.application; includeInIndex = 0; path = Clone_Memo_2.app; sourceTree = BUILT_PRODUCTS_DIR; };
		DBF8537928ED75DB001AECBE /* AppDelegate.swift */ = {isa = PBXFileReference; lastKnownFileType = sourcecode.swift; path = AppDelegate.swift; sourceTree = "<group>"; };
		DBF8537B28ED75DB001AECBE /* SceneDelegate.swift */ = {isa = PBXFileReference; lastKnownFileType = sourcecode.swift; path = SceneDelegate.swift; sourceTree = "<group>"; };
		DBF8538028ED75DB001AECBE /* Base */ = {isa = PBXFileReference; lastKnownFileType = file.storyboard; name = Base; path = Base.lproj/Main.storyboard; sourceTree = "<group>"; };
		DBF8538328ED75DB001AECBE /* Clone_Memo_2.xcdatamodel */ = {isa = PBXFileReference; lastKnownFileType = wrapper.xcdatamodel; path = Clone_Memo_2.xcdatamodel; sourceTree = "<group>"; };
		DBF8538528ED75DC001AECBE /* Assets.xcassets */ = {isa = PBXFileReference; lastKnownFileType = folder.assetcatalog; path = Assets.xcassets; sourceTree = "<group>"; };
		DBF8538828ED75DC001AECBE /* Base */ = {isa = PBXFileReference; lastKnownFileType = file.storyboard; name = Base; path = Base.lproj/LaunchScreen.storyboard; sourceTree = "<group>"; };
		DBF8538A28ED75DC001AECBE /* Info.plist */ = {isa = PBXFileReference; lastKnownFileType = text.plist.xml; path = Info.plist; sourceTree = "<group>"; };
		DBF8539728ED78AB001AECBE /* ViewController.swift */ = {isa = PBXFileReference; lastKnownFileType = sourcecode.swift; path = ViewController.swift; sourceTree = "<group>"; };
		DBF8539B28ED7D8A001AECBE /* PracticeTableViewCell.swift */ = {isa = PBXFileReference; lastKnownFileType = sourcecode.swift; path = PracticeTableViewCell.swift; sourceTree = "<group>"; };
/* End PBXFileReference section */

/* Begin PBXFrameworksBuildPhase section */
		DBF8537328ED75DB001AECBE /* Frameworks */ = {
			isa = PBXFrameworksBuildPhase;
			buildActionMask = 2147483647;
			files = (
			);
			runOnlyForDeploymentPostprocessing = 0;
		};
/* End PBXFrameworksBuildPhase section */

/* Begin PBXGroup section */
		DB14BB2328F7D71200AAB5C3 /* Main */ = {
			isa = PBXGroup;
			children = (
				DBF8539728ED78AB001AECBE /* ViewController.swift */,
				DBF8539B28ED7D8A001AECBE /* PracticeTableViewCell.swift */,
			);
			path = Main;
			sourceTree = "<group>";
		};
		DB14BB2428F7D71A00AAB5C3 /* Add */ = {
			isa = PBXGroup;
			children = (
				DB14BB1528F59D6900AAB5C3 /* AddViewController.swift */,
			);
			path = Add;
			sourceTree = "<group>";
		};
		DB14BB2528F7D72D00AAB5C3 /* Detail */ = {
			isa = PBXGroup;
			children = (
				DB14BB1D28F6C16A00AAB5C3 /* CellDetailViewController.swift */,
				DB14BB1F28F70DCC00AAB5C3 /* DateCell.swift */,
				DB14BB2128F710FE00AAB5C3 /* MemoCell.swift */,
			);
			path = Detail;
			sourceTree = "<group>";
		};
		DB5D291E28FBDE5D00499D5F /* Helper */ = {
			isa = PBXGroup;
			children = (
				DB14BB1B28F6B4C900AAB5C3 /* Alert.swift */,
			);
			path = Helper;
			sourceTree = "<group>";
		};
		DBF8536D28ED75DB001AECBE = {
			isa = PBXGroup;
			children = (
				DBF8537828ED75DB001AECBE /* Clone_Memo_2 */,
				DBF8537728ED75DB001AECBE /* Products */,
			);
			sourceTree = "<group>";
		};
		DBF8537728ED75DB001AECBE /* Products */ = {
			isa = PBXGroup;
			children = (
				DBF8537628ED75DB001AECBE /* Clone_Memo_2.app */,
			);
			name = Products;
			sourceTree = "<group>";
		};
		DBF8537828ED75DB001AECBE /* Clone_Memo_2 */ = {
			isa = PBXGroup;
			children = (
				DBF8537928ED75DB001AECBE /* AppDelegate.swift */,
				DBF8537B28ED75DB001AECBE /* SceneDelegate.swift */,
				DB5D291E28FBDE5D00499D5F /* Helper */,
				DBF8539028ED761D001AECBE /* Model */,
				DB14BB2328F7D71200AAB5C3 /* Main */,
				DB14BB2428F7D71A00AAB5C3 /* Add */,
				DB14BB2528F7D72D00AAB5C3 /* Detail */,
				DBF8537F28ED75DB001AECBE /* Main.storyboard */,
				DBF8538528ED75DC001AECBE /* Assets.xcassets */,
				DBF8538728ED75DC001AECBE /* LaunchScreen.storyboard */,
				DBF8538A28ED75DC001AECBE /* Info.plist */,
				DBF8538228ED75DB001AECBE /* Clone_Memo_2.xcdatamodeld */,
			);
			path = Clone_Memo_2;
			sourceTree = "<group>";
		};
		DBF8539028ED761D001AECBE /* Model */ = {
			isa = PBXGroup;
			children = (
				DB5D292128FBE13A00499D5F /* MemoData+CoreDataClass.swift */,
				DB5D292228FBE13A00499D5F /* MemoData+CoreDataProperties.swift */,
				DB5D291F28FBDE7400499D5F /* CoreDataManager.swift */,
			);
			path = Model;
			sourceTree = "<group>";
		};
/* End PBXGroup section */

/* Begin PBXNativeTarget section */
		DBF8537528ED75DB001AECBE /* Clone_Memo_2 */ = {
			isa = PBXNativeTarget;
			buildConfigurationList = DBF8538D28ED75DC001AECBE /* Build configuration list for PBXNativeTarget "Clone_Memo_2" */;
			buildPhases = (
				DBF8537228ED75DB001AECBE /* Sources */,
				DBF8537328ED75DB001AECBE /* Frameworks */,
				DBF8537428ED75DB001AECBE /* Resources */,
			);
			buildRules = (
			);
			dependencies = (
			);
			name = Clone_Memo_2;
			productName = Clone_Memo_2;
			productReference = DBF8537628ED75DB001AECBE /* Clone_Memo_2.app */;
			productType = "com.apple.product-type.application";
		};
/* End PBXNativeTarget section */

/* Begin PBXProject section */
		DBF8536E28ED75DB001AECBE /* Project object */ = {
			isa = PBXProject;
			attributes = {
				BuildIndependentTargetsInParallel = 1;
				LastSwiftUpdateCheck = 1340;
				LastUpgradeCheck = 1340;
				TargetAttributes = {
					DBF8537528ED75DB001AECBE = {
						CreatedOnToolsVersion = 13.4;
					};
				};
			};
			buildConfigurationList = DBF8537128ED75DB001AECBE /* Build configuration list for PBXProject "Clone_Memo_2" */;
			compatibilityVersion = "Xcode 13.0";
			developmentRegion = en;
			hasScannedForEncodings = 0;
			knownRegions = (
				en,
				Base,
			);
			mainGroup = DBF8536D28ED75DB001AECBE;
			productRefGroup = DBF8537728ED75DB001AECBE /* Products */;
			projectDirPath = "";
			projectRoot = "";
			targets = (
				DBF8537528ED75DB001AECBE /* Clone_Memo_2 */,
			);
		};
/* End PBXProject section */

/* Begin PBXResourcesBuildPhase section */
		DBF8537428ED75DB001AECBE /* Resources */ = {
			isa = PBXResourcesBuildPhase;
			buildActionMask = 2147483647;
			files = (
				DBF8538928ED75DC001AECBE /* LaunchScreen.storyboard in Resources */,
				DBF8538628ED75DC001AECBE /* Assets.xcassets in Resources */,
				DBF8538128ED75DB001AECBE /* Main.storyboard in Resources */,
			);
			runOnlyForDeploymentPostprocessing = 0;
		};
/* End PBXResourcesBuildPhase section */

/* Begin PBXSourcesBuildPhase section */
		DBF8537228ED75DB001AECBE /* Sources */ = {
			isa = PBXSourcesBuildPhase;
			buildActionMask = 2147483647;
			files = (
				DBF8539C28ED7D8A001AECBE /* PracticeTableViewCell.swift in Sources */,
				DB5D292328FBE13A00499D5F /* MemoData+CoreDataClass.swift in Sources */,
				DBF8539828ED78AB001AECBE /* ViewController.swift in Sources */,
				DB14BB1628F59D6900AAB5C3 /* AddViewController.swift in Sources */,
				DB14BB1E28F6C16A00AAB5C3 /* CellDetailViewController.swift in Sources */,
				DBF8538428ED75DB001AECBE /* Clone_Memo_2.xcdatamodeld in Sources */,
				DB5D292028FBDE7400499D5F /* CoreDataManager.swift in Sources */,
				DBF8537A28ED75DB001AECBE /* AppDelegate.swift in Sources */,
				DB14BB1C28F6B4C900AAB5C3 /* Alert.swift in Sources */,
				DB14BB2228F710FE00AAB5C3 /* MemoCell.swift in Sources */,
				DB5D292428FBE13A00499D5F /* MemoData+CoreDataProperties.swift in Sources */,
				DB14BB2028F70DCC00AAB5C3 /* DateCell.swift in Sources */,
				DBF8537C28ED75DB001AECBE /* SceneDelegate.swift in Sources */,
			);
			runOnlyForDeploymentPostprocessing = 0;
		};
/* End PBXSourcesBuildPhase section */

/* Begin PBXVariantGroup section */
		DBF8537F28ED75DB001AECBE /* Main.storyboard */ = {
			isa = PBXVariantGroup;
			children = (
				DBF8538028ED75DB001AECBE /* Base */,
			);
			name = Main.storyboard;
			sourceTree = "<group>";
		};
		DBF8538728ED75DC001AECBE /* LaunchScreen.storyboard */ = {
			isa = PBXVariantGroup;
			children = (
				DBF8538828ED75DC001AECBE /* Base */,
			);
			name = LaunchScreen.storyboard;
			sourceTree = "<group>";
		};
/* End PBXVariantGroup section */

/* Begin XCBuildConfiguration section */
		DBF8538B28ED75DC001AECBE /* Debug */ = {
			isa = XCBuildConfiguration;
			buildSettings = {
				ALWAYS_SEARCH_USER_PATHS = NO;
				CLANG_ANALYZER_NONNULL = YES;
				CLANG_ANALYZER_NUMBER_OBJECT_CONVERSION = YES_AGGRESSIVE;
				CLANG_CXX_LANGUAGE_STANDARD = "gnu++17";
				CLANG_ENABLE_MODULES = YES;
				CLANG_ENABLE_OBJC_ARC = YES;
				CLANG_ENABLE_OBJC_WEAK = YES;
				CLANG_WARN_BLOCK_CAPTURE_AUTORELEASING = YES;
				CLANG_WARN_BOOL_CONVERSION = YES;
				CLANG_WARN_COMMA = YES;
				CLANG_WARN_CONSTANT_CONVERSION = YES;
				CLANG_WARN_DEPRECATED_OBJC_IMPLEMENTATIONS = YES;
				CLANG_WARN_DIRECT_OBJC_ISA_USAGE = YES_ERROR;
				CLANG_WARN_DOCUMENTATION_COMMENTS = YES;
				CLANG_WARN_EMPTY_BODY = YES;
				CLANG_WARN_ENUM_CONVERSION = YES;
				CLANG_WARN_INFINITE_RECURSION = YES;
				CLANG_WARN_INT_CONVERSION = YES;
				CLANG_WARN_NON_LITERAL_NULL_CONVERSION = YES;
				CLANG_WARN_OBJC_IMPLICIT_RETAIN_SELF = YES;
				CLANG_WARN_OBJC_LITERAL_CONVERSION = YES;
				CLANG_WARN_OBJC_ROOT_CLASS = YES_ERROR;
				CLANG_WARN_QUOTED_INCLUDE_IN_FRAMEWORK_HEADER = YES;
				CLANG_WARN_RANGE_LOOP_ANALYSIS = YES;
				CLANG_WARN_STRICT_PROTOTYPES = YES;
				CLANG_WARN_SUSPICIOUS_MOVE = YES;
				CLANG_WARN_UNGUARDED_AVAILABILITY = YES_AGGRESSIVE;
				CLANG_WARN_UNREACHABLE_CODE = YES;
				CLANG_WARN__DUPLICATE_METHOD_MATCH = YES;
				COPY_PHASE_STRIP = NO;
				DEBUG_INFORMATION_FORMAT = dwarf;
				ENABLE_STRICT_OBJC_MSGSEND = YES;
				ENABLE_TESTABILITY = YES;
				GCC_C_LANGUAGE_STANDARD = gnu11;
				GCC_DYNAMIC_NO_PIC = NO;
				GCC_NO_COMMON_BLOCKS = YES;
				GCC_OPTIMIZATION_LEVEL = 0;
				GCC_PREPROCESSOR_DEFINITIONS = (
					"DEBUG=1",
					"$(inherited)",
				);
				GCC_WARN_64_TO_32_BIT_CONVERSION = YES;
				GCC_WARN_ABOUT_RETURN_TYPE = YES_ERROR;
				GCC_WARN_UNDECLARED_SELECTOR = YES;
				GCC_WARN_UNINITIALIZED_AUTOS = YES_AGGRESSIVE;
				GCC_WARN_UNUSED_FUNCTION = YES;
				GCC_WARN_UNUSED_VARIABLE = YES;
				IPHONEOS_DEPLOYMENT_TARGET = 15.5;
				MTL_ENABLE_DEBUG_INFO = INCLUDE_SOURCE;
				MTL_FAST_MATH = YES;
				ONLY_ACTIVE_ARCH = YES;
				SDKROOT = iphoneos;
				SWIFT_ACTIVE_COMPILATION_CONDITIONS = DEBUG;
				SWIFT_OPTIMIZATION_LEVEL = "-Onone";
			};
			name = Debug;
		};
		DBF8538C28ED75DC001AECBE /* Release */ = {
			isa = XCBuildConfiguration;
			buildSettings = {
				ALWAYS_SEARCH_USER_PATHS = NO;
				CLANG_ANALYZER_NONNULL = YES;
				CLANG_ANALYZER_NUMBER_OBJECT_CONVERSION = YES_AGGRESSIVE;
				CLANG_CXX_LANGUAGE_STANDARD = "gnu++17";
				CLANG_ENABLE_MODULES = YES;
				CLANG_ENABLE_OBJC_ARC = YES;
				CLANG_ENABLE_OBJC_WEAK = YES;
				CLANG_WARN_BLOCK_CAPTURE_AUTORELEASING = YES;
				CLANG_WARN_BOOL_CONVERSION = YES;
				CLANG_WARN_COMMA = YES;
				CLANG_WARN_CONSTANT_CONVERSION = YES;
				CLANG_WARN_DEPRECATED_OBJC_IMPLEMENTATIONS = YES;
				CLANG_WARN_DIRECT_OBJC_ISA_USAGE = YES_ERROR;
				CLANG_WARN_DOCUMENTATION_COMMENTS = YES;
				CLANG_WARN_EMPTY_BODY = YES;
				CLANG_WARN_ENUM_CONVERSION = YES;
				CLANG_WARN_INFINITE_RECURSION = YES;
				CLANG_WARN_INT_CONVERSION = YES;
				CLANG_WARN_NON_LITERAL_NULL_CONVERSION = YES;
				CLANG_WARN_OBJC_IMPLICIT_RETAIN_SELF = YES;
				CLANG_WARN_OBJC_LITERAL_CONVERSION = YES;
				CLANG_WARN_OBJC_ROOT_CLASS = YES_ERROR;
				CLANG_WARN_QUOTED_INCLUDE_IN_FRAMEWORK_HEADER = YES;
				CLANG_WARN_RANGE_LOOP_ANALYSIS = YES;
				CLANG_WARN_STRICT_PROTOTYPES = YES;
				CLANG_WARN_SUSPICIOUS_MOVE = YES;
				CLANG_WARN_UNGUARDED_AVAILABILITY = YES_AGGRESSIVE;
				CLANG_WARN_UNREACHABLE_CODE = YES;
				CLANG_WARN__DUPLICATE_METHOD_MATCH = YES;
				COPY_PHASE_STRIP = NO;
				DEBUG_INFORMATION_FORMAT = "dwarf-with-dsym";
				ENABLE_NS_ASSERTIONS = NO;
				ENABLE_STRICT_OBJC_MSGSEND = YES;
				GCC_C_LANGUAGE_STANDARD = gnu11;
				GCC_NO_COMMON_BLOCKS = YES;
				GCC_WARN_64_TO_32_BIT_CONVERSION = YES;
				GCC_WARN_ABOUT_RETURN_TYPE = YES_ERROR;
				GCC_WARN_UNDECLARED_SELECTOR = YES;
				GCC_WARN_UNINITIALIZED_AUTOS = YES_AGGRESSIVE;
				GCC_WARN_UNUSED_FUNCTION = YES;
				GCC_WARN_UNUSED_VARIABLE = YES;
				IPHONEOS_DEPLOYMENT_TARGET = 15.5;
				MTL_ENABLE_DEBUG_INFO = NO;
				MTL_FAST_MATH = YES;
				SDKROOT = iphoneos;
				SWIFT_COMPILATION_MODE = wholemodule;
				SWIFT_OPTIMIZATION_LEVEL = "-O";
				VALIDATE_PRODUCT = YES;
			};
			name = Release;
		};
		DBF8538E28ED75DC001AECBE /* Debug */ = {
			isa = XCBuildConfiguration;
			buildSettings = {
				ASSETCATALOG_COMPILER_APPICON_NAME = AppIcon;
				ASSETCATALOG_COMPILER_GLOBAL_ACCENT_COLOR_NAME = AccentColor;
				CODE_SIGN_STYLE = Automatic;
				CURRENT_PROJECT_VERSION = 1;
				DEVELOPMENT_TEAM = 2U6KC5XD5W;
				GENERATE_INFOPLIST_FILE = YES;
				INFOPLIST_FILE = Clone_Memo_2/Info.plist;
				INFOPLIST_KEY_UIApplicationSupportsIndirectInputEvents = YES;
				INFOPLIST_KEY_UILaunchStoryboardName = LaunchScreen;
				INFOPLIST_KEY_UIMainStoryboardFile = Main;
				INFOPLIST_KEY_UISupportedInterfaceOrientations_iPad = "UIInterfaceOrientationPortrait UIInterfaceOrientationPortraitUpsideDown UIInterfaceOrientationLandscapeLeft UIInterfaceOrientationLandscapeRight";
				INFOPLIST_KEY_UISupportedInterfaceOrientations_iPhone = "UIInterfaceOrientationPortrait UIInterfaceOrientationLandscapeLeft UIInterfaceOrientationLandscapeRight";
				IPHONEOS_DEPLOYMENT_TARGET = 14.0;
				LD_RUNPATH_SEARCH_PATHS = (
					"$(inherited)",
					"@executable_path/Frameworks",
				);
				MARKETING_VERSION = 1.0;
				PRODUCT_BUNDLE_IDENTIFIER = "kim.Clone-Memo-2";
				PRODUCT_NAME = "$(TARGET_NAME)";
				SWIFT_EMIT_LOC_STRINGS = YES;
				SWIFT_VERSION = 5.0;
				TARGETED_DEVICE_FAMILY = 1;
			};
			name = Debug;
		};
		DBF8538F28ED75DC001AECBE /* Release */ = {
			isa = XCBuildConfiguration;
			buildSettings = {
				ASSETCATALOG_COMPILER_APPICON_NAME = AppIcon;
				ASSETCATALOG_COMPILER_GLOBAL_ACCENT_COLOR_NAME = AccentColor;
				CODE_SIGN_STYLE = Automatic;
				CURRENT_PROJECT_VERSION = 1;
				DEVELOPMENT_TEAM = 2U6KC5XD5W;
				GENERATE_INFOPLIST_FILE = YES;
				INFOPLIST_FILE = Clone_Memo_2/Info.plist;
				INFOPLIST_KEY_UIApplicationSupportsIndirectInputEvents = YES;
				INFOPLIST_KEY_UILaunchStoryboardName = LaunchScreen;
				INFOPLIST_KEY_UIMainStoryboardFile = Main;
				INFOPLIST_KEY_UISupportedInterfaceOrientations_iPad = "UIInterfaceOrientationPortrait UIInterfaceOrientationPortraitUpsideDown UIInterfaceOrientationLandscapeLeft UIInterfaceOrientationLandscapeRight";
				INFOPLIST_KEY_UISupportedInterfaceOrientations_iPhone = "UIInterfaceOrientationPortrait UIInterfaceOrientationLandscapeLeft UIInterfaceOrientationLandscapeRight";
				IPHONEOS_DEPLOYMENT_TARGET = 14.0;
				LD_RUNPATH_SEARCH_PATHS = (
					"$(inherited)",
					"@executable_path/Frameworks",
				);
				MARKETING_VERSION = 1.0;
				PRODUCT_BUNDLE_IDENTIFIER = "kim.Clone-Memo-2";
				PRODUCT_NAME = "$(TARGET_NAME)";
				SWIFT_EMIT_LOC_STRINGS = YES;
				SWIFT_VERSION = 5.0;
				TARGETED_DEVICE_FAMILY = 1;
			};
			name = Release;
		};
/* End XCBuildConfiguration section */

/* Begin XCConfigurationList section */
		DBF8537128ED75DB001AECBE /* Build configuration list for PBXProject "Clone_Memo_2" */ = {
			isa = XCConfigurationList;
			buildConfigurations = (
				DBF8538B28ED75DC001AECBE /* Debug */,
				DBF8538C28ED75DC001AECBE /* Release */,
			);
			defaultConfigurationIsVisible = 0;
			defaultConfigurationName = Release;
		};
		DBF8538D28ED75DC001AECBE /* Build configuration list for PBXNativeTarget "Clone_Memo_2" */ = {
			isa = XCConfigurationList;
			buildConfigurations = (
				DBF8538E28ED75DC001AECBE /* Debug */,
				DBF8538F28ED75DC001AECBE /* Release */,
			);
			defaultConfigurationIsVisible = 0;
			defaultConfigurationName = Release;
		};
/* End XCConfigurationList section */

/* Begin XCVersionGroup section */
		DBF8538228ED75DB001AECBE /* Clone_Memo_2.xcdatamodeld */ = {
			isa = XCVersionGroup;
			children = (
				DBF8538328ED75DB001AECBE /* Clone_Memo_2.xcdatamodel */,
			);
			currentVersion = DBF8538328ED75DB001AECBE /* Clone_Memo_2.xcdatamodel */;
			path = Clone_Memo_2.xcdatamodeld;
			sourceTree = "<group>";
			versionGroupType = wrapper.xcdatamodel;
		};
/* End XCVersionGroup section */
	};
	rootObject = DBF8536E28ED75DB001AECBE /* Project object */;
}
